
Microsoft Visual Studio Solution File, Format Version 12.00
# Visual Studio Version 16
VisualStudioVersion = 16.0.30523.141
MinimumVisualStudioVersion = 10.0.40219.1
Project("{FAE04EC0-301F-11D3-BF4B-00C04F79EFBC}") = "NumericalIntegration", "NumericalIntegration\NumericalIntegration.csproj", "{49796679-A3D3-4295-9920-22E42C353F4A}"
EndProject
Global
	GlobalSection(SolutionConfigurationPlatforms) = preSolution
		Debug|Any CPU = Debug|Any CPU
		Release|Any CPU = Release|Any CPU
	EndGlobalSection
	GlobalSection(ProjectConfigurationPlatforms) = postSolution
		{49796679-A3D3-4295-9920-22E42C353F4A}.Debug|Any CPU.ActiveCfg = Debug|Any CPU
		{49796679-A3D3-4295-9920-22E42C353F4A}.Debug|Any CPU.Build.0 = Debug|Any CPU
		{49796679-A3D3-4295-9920-22E42C353F4A}.Release|Any CPU.ActiveCfg = Release|Any CPU
		{49796679-A3D3-4295-9920-22E42C353F4A}.Release|Any CPU.Build.0 = Release|Any CPU
	EndGlobalSection
	GlobalSection(SolutionProperties) = preSolution
		HideSolutionNode = FALSE
	EndGlobalSection
	GlobalSection(ExtensibilityGlobals) = postSolution
		SolutionGuid = {E8D375A1-0309-448E-9C3B-923AD315FFC4}
	EndGlobalSection
EndGlobal
